
Microsoft Visual Studio Solution File, Format Version 12.00
# Visual Studio 15
VisualStudioVersion = 15.0.27703.2026
MinimumVisualStudioVersion = 10.0.40219.1
Project("{FAE04EC0-301F-11D3-BF4B-00C04F79EFBC}") = "usis.Data.LocalDb", "usis.Data.LocalDb.csproj", "{73A1AE65-519E-42ED-B64F-1AF244949778}"
EndProject
Global
	GlobalSection(SolutionConfigurationPlatforms) = preSolution
		Debug|Any CPU = Debug|Any CPU
		Release|Any CPU = Release|Any CPU
	EndGlobalSection
	GlobalSection(ProjectConfigurationPlatforms) = postSolution
		{73A1AE65-519E-42ED-B64F-1AF244949778}.Debug|Any CPU.ActiveCfg = Debug|Any CPU
		{73A1AE65-519E-42ED-B64F-1AF244949778}.Debug|Any CPU.Build.0 = Debug|Any CPU
		{73A1AE65-519E-42ED-B64F-1AF244949778}.Release|Any CPU.ActiveCfg = Release|Any CPU
		{73A1AE65-519E-42ED-B64F-1AF244949778}.Release|Any CPU.Build.0 = Release|Any CPU
	EndGlobalSection
	GlobalSection(SolutionProperties) = preSolution
		HideSolutionNode = FALSE
	EndGlobalSection
	GlobalSection(ExtensibilityGlobals) = postSolution
		SolutionGuid = {EA261C56-15AA-446A-9666-A30B8729DD5D}
	EndGlobalSection
EndGlobal
